
Microsoft Visual Studio Solution File, Format Version 12.00
# Visual Studio 15
VisualStudioVersion = 15.0.27004.2008
MinimumVisualStudioVersion = 10.0.40219.1
Project("{F2A71F9B-5D33-465A-A702-920D77279786}") = "GoLAAS", "GoLAAS\GoLAAS.fsproj", "{8CCD8A3C-70AD-4148-B375-68F828981F0C}"
EndProject
Project("{F2A71F9B-5D33-465A-A702-920D77279786}") = "GameOfLife", "GameOfLife\GameOfLife.fsproj", "{77C5DC15-40D9-4F2C-833A-A20BD8B3C247}"
EndProject
Project("{F2A71F9B-5D33-465A-A702-920D77279786}") = "GameOfLife.Test", "GameOfLife.Test\GameOfLife.Test.fsproj", "{78637F8C-E682-496B-9C53-6518E122A851}"
EndProject
Global
	GlobalSection(SolutionConfigurationPlatforms) = preSolution
		Debug|Any CPU = Debug|Any CPU
		Release|Any CPU = Release|Any CPU
	EndGlobalSection
	GlobalSection(ProjectConfigurationPlatforms) = postSolution
		{8CCD8A3C-70AD-4148-B375-68F828981F0C}.Debug|Any CPU.ActiveCfg = Debug|Any CPU
		{8CCD8A3C-70AD-4148-B375-68F828981F0C}.Debug|Any CPU.Build.0 = Debug|Any CPU
		{8CCD8A3C-70AD-4148-B375-68F828981F0C}.Release|Any CPU.ActiveCfg = Release|Any CPU
		{8CCD8A3C-70AD-4148-B375-68F828981F0C}.Release|Any CPU.Build.0 = Release|Any CPU
		{77C5DC15-40D9-4F2C-833A-A20BD8B3C247}.Debug|Any CPU.ActiveCfg = Debug|Any CPU
		{77C5DC15-40D9-4F2C-833A-A20BD8B3C247}.Debug|Any CPU.Build.0 = Debug|Any CPU
		{77C5DC15-40D9-4F2C-833A-A20BD8B3C247}.Release|Any CPU.ActiveCfg = Release|Any CPU
		{77C5DC15-40D9-4F2C-833A-A20BD8B3C247}.Release|Any CPU.Build.0 = Release|Any CPU
		{78637F8C-E682-496B-9C53-6518E122A851}.Debug|Any CPU.ActiveCfg = Debug|Any CPU
		{78637F8C-E682-496B-9C53-6518E122A851}.Debug|Any CPU.Build.0 = Debug|Any CPU
		{78637F8C-E682-496B-9C53-6518E122A851}.Release|Any CPU.ActiveCfg = Release|Any CPU
		{78637F8C-E682-496B-9C53-6518E122A851}.Release|Any CPU.Build.0 = Release|Any CPU
	EndGlobalSection
	GlobalSection(SolutionProperties) = preSolution
		HideSolutionNode = FALSE
	EndGlobalSection
	GlobalSection(ExtensibilityGlobals) = postSolution
		SolutionGuid = {AFC4F255-A8C8-4800-852C-3AE12C068EE8}
	EndGlobalSection
EndGlobal
